github.com/confluentinc/confluent-kafka-go v1.4.2 h1:13EK9RTujF7lVkvHQ5Hbu6bM+Yfrq8L0MkJNnjHSd4Q=
github.com/confluentinc/confluent-kafka-go v1.4.2/go.mod h1:u2zNLny2xq+5rWeTQjFHbDzzNuba4P1vo31r9r4uAdg=
github.com/confluentinc/confluent-kafka-go v1.8.2 h1:PBdbvYpyOdFLehj8j+9ba7FL4c4Moxn79gy9cYKxG5E=
github.com/confluentinc/confluent-kafka-go v1.8.2/go.mod h1:u2zNLny2xq+5rWeTQjFHbDzzNuba4P1vo31r9r4uAdg=
golang.org/x/text v0.0.0-20170915032832-14c0d48ead0c h1:qgOY6WgZOaTkIIMiVjBQcw93ERBE4m30iBm00nkL0i8=
golang.org/x/text v0.0.0-20170915032832-14c0d48ead0c/go.mod h1:NqM8EUOU14njkJ3fqMW+pc6Ldnwhi/IjpwHt7yyuwOQ=
gopkg.in/confluentinc/confluent-kafka-go.v1 v1.8.2 h1:QAgN6OC0o7dwvyz+HML6GYm+0Pk54O91+oxGqJ/5z8I=
gopkg.in/confluentinc/confluent-kafka-go.v1 v1.8.2/go.mod h1:ZdI3yfYmdNSLQPNCpO1y00EHyWaHG5EnQEyL/ntAegY=
rsc.io/quote v1.5.2 h1:w5fcysjrx7yqtD/aO+QwRjYZOKnaM9Uh2b40tElTs3Y=
rsc.io/quote v1.5.2/go.mod h1:LzX7hefJvL54yjefDEDHNONDjII0t9xZLPXsUe+TKr0=
rsc.io/sampler v1.3.0 h1:7uVkIFmeBqHfdjD+gZwtXXI+RODJ2Wc4O7MPEh/QiW4=
rsc.io/sampler v1.3.0/go.mod h1:T1hPZKmBbMNahiBKFy5HrXp6adAjACjK9JXDnKaTXpA=
